
Microsoft Visual Studio Solution File, Format Version 12.00
# Visual Studio Version 16
VisualStudioVersion = 16.0.810.22
MinimumVisualStudioVersion = 10.0.40219.1
Project("{FAE04EC0-301F-11D3-BF4B-00C04F79EFBC}") = "Coodinators", "Coodinators\Coodinators.csproj", "{F40DF679-127C-4149-A256-2FA765D2C714}"
EndProject
Global
	GlobalSection(SolutionConfigurationPlatforms) = preSolution
		Debug|iPhoneSimulator = Debug|iPhoneSimulator
		Release|iPhoneSimulator = Release|iPhoneSimulator
		Debug|iPhone = Debug|iPhone
		Release|iPhone = Release|iPhone
	EndGlobalSection
	GlobalSection(ProjectConfigurationPlatforms) = postSolution
		{F40DF679-127C-4149-A256-2FA765D2C714}.Debug|iPhoneSimulator.ActiveCfg = Debug|iPhoneSimulator
		{F40DF679-127C-4149-A256-2FA765D2C714}.Debug|iPhoneSimulator.Build.0 = Debug|iPhoneSimulator
		{F40DF679-127C-4149-A256-2FA765D2C714}.Release|iPhoneSimulator.ActiveCfg = Release|iPhoneSimulator
		{F40DF679-127C-4149-A256-2FA765D2C714}.Release|iPhoneSimulator.Build.0 = Release|iPhoneSimulator
		{F40DF679-127C-4149-A256-2FA765D2C714}.Debug|iPhone.ActiveCfg = Debug|iPhone
		{F40DF679-127C-4149-A256-2FA765D2C714}.Debug|iPhone.Build.0 = Debug|iPhone
		{F40DF679-127C-4149-A256-2FA765D2C714}.Release|iPhone.ActiveCfg = Release|iPhone
		{F40DF679-127C-4149-A256-2FA765D2C714}.Release|iPhone.Build.0 = Release|iPhone
	EndGlobalSection
	GlobalSection(SolutionProperties) = preSolution
		HideSolutionNode = FALSE
	EndGlobalSection
	GlobalSection(ExtensibilityGlobals) = postSolution
		SolutionGuid = {9EC1EF2D-AADA-4C6F-8A33-B5C3B6E5A1D2}
	EndGlobalSection
EndGlobal
